
Microsoft Visual Studio Solution File, Format Version 12.00
# Visual Studio Version 17
VisualStudioVersion = 17.0.31612.314
MinimumVisualStudioVersion = 10.0.40219.1
Project("{FAE04EC0-301F-11D3-BF4B-00C04F79EFBC}") = "RageComponent", "RageComponent\RageComponent.csproj", "{AB70136A-A9CB-473D-8C2D-3F1BC4F7B4A1}"
EndProject
Global
	GlobalSection(SolutionConfigurationPlatforms) = preSolution
		Debug|Any CPU = Debug|Any CPU
		Debug|x64 = Debug|x64
		Release|Any CPU = Release|Any CPU
		Release|x64 = Release|x64
	EndGlobalSection
	GlobalSection(ProjectConfigurationPlatforms) = postSolution
		{AB70136A-A9CB-473D-8C2D-3F1BC4F7B4A1}.Debug|Any CPU.ActiveCfg = Debug|Any CPU
		{AB70136A-A9CB-473D-8C2D-3F1BC4F7B4A1}.Debug|Any CPU.Build.0 = Debug|Any CPU
		{AB70136A-A9CB-473D-8C2D-3F1BC4F7B4A1}.Debug|x64.ActiveCfg = Debug|x64
		{AB70136A-A9CB-473D-8C2D-3F1BC4F7B4A1}.Debug|x64.Build.0 = Debug|x64
		{AB70136A-A9CB-473D-8C2D-3F1BC4F7B4A1}.Release|Any CPU.ActiveCfg = Release|Any CPU
		{AB70136A-A9CB-473D-8C2D-3F1BC4F7B4A1}.Release|Any CPU.Build.0 = Release|Any CPU
		{AB70136A-A9CB-473D-8C2D-3F1BC4F7B4A1}.Release|x64.ActiveCfg = Release|x64
		{AB70136A-A9CB-473D-8C2D-3F1BC4F7B4A1}.Release|x64.Build.0 = Release|x64
	EndGlobalSection
	GlobalSection(SolutionProperties) = preSolution
		HideSolutionNode = FALSE
	EndGlobalSection
	GlobalSection(ExtensibilityGlobals) = postSolution
		SolutionGuid = {E87C61E0-FDEC-4DCB-967A-9D64B2213149}
	EndGlobalSection
EndGlobal
